<?xml version="1.0" encoding="utf-8"?>
<Project ToolsVersion="4.0" xmlns="http://schemas.microsoft.com/developer/msbuild/2003">
  <ItemGroup>
    <ClCompile Include="source.cpp" />
    <ClCompile Include="dependencies\driver\driver.cpp">
      <Filter>driver</Filter>
    </ClCompile>
    <ClCompile Include="dependencies\overlay.cpp" />
    <ClCompile Include="dependencies\Dear ImGui\imgui.cpp" />
    <ClCompile Include="dependencies\Dear ImGui\imgui_demo.cpp" />
    <ClCompile Include="dependencies\Dear ImGui\imgui_draw.cpp" />
    <ClCompile Include="dependencies\Dear ImGui\imgui_tables.cpp" />
    <ClCompile Include="dependencies\Dear ImGui\imgui_widgets.cpp" />
    <ClCompile Include="dependencies\Dear ImGui\backends\imgui_impl_dx11.cpp" />
    <ClCompile Include="dependencies\Dear ImGui\backends\imgui_impl_win32.cpp" />
    <ClCompile Include="dependencies\Dear ImGui\addons\imgui_addons.cpp" />
  </ItemGroup>
  <ItemGroup>
    <ClInclude Include="dependencies\includes.hpp" />
    <ClInclude Include="dependencies\driver\driver.h">
      <Filter>driver</Filter>
    </ClInclude>
    <ClInclude Include="dependencies\xor.hpp">
      <Filter>utils</Filter>
    </ClInclude>
    <ClInclude Include="dependencies\driver\interface.h">
      <Filter>driver</Filter>
    </ClInclude>
    <ClInclude Include="dependencies\math.h" />
    <ClInclude Include="dependencies\overlay.h" />
    <ClInclude Include="dependencies\Dear ImGui\imstb_truetype.h" />
    <ClInclude Include="dependencies\Dear ImGui\imconfig.h" />
    <ClInclude Include="dependencies\Dear ImGui\imgui.h" />
    <ClInclude Include="dependencies\Dear ImGui\imgui_internal.h" />
    <ClInclude Include="dependencies\Dear ImGui\imstb_rectpack.h" />
    <ClInclude Include="dependencies\Dear ImGui\imstb_textedit.h" />
    <ClInclude Include="dependencies\Dear ImGui\backends\imgui_impl_win32.h" />
    <ClInclude Include="dependencies\Dear ImGui\backends\imgui_impl_dx11.h" />
    <ClInclude Include="cheat\visual.hpp" />
    <ClInclude Include="cheat\sdk.hpp" />
    <ClInclude Include="cheat\aim.hpp" />
    <ClInclude Include="cheat\settings.hpp" />
    <ClInclude Include="dependencies\Dear ImGui\addons\imgui_addons.h" />
    <ClInclude Include="dependencies\Fonts\EspFont.h" />
    <ClInclude Include="dependencies\Fonts\fa_solid_900.h" />
    <ClInclude Include="dependencies\Fonts\gun_icons.hpp" />
    <ClInclude Include="dependencies\Fonts\IconsFontAwesome6.h" />
    <ClInclude Include="dependencies\Fonts\IconsFontAwesome6_Bytes.h" />
    <ClInclude Include="dependencies\Fonts\IconsFontAwesome6Brands.h" />
    <ClInclude Include="dependencies\Fonts\IconsFontAwesome6Brands_Bytes.h" />
    <ClInclude Include="dependencies\Fonts\Poppins_Medium.h" />
    <ClInclude Include="dependencies\Fonts\weapon_font.h" />
  </ItemGroup>
  <ItemGroup>
    <Filter Include="driver">
      <UniqueIdentifier>{3575f5c5-e9ee-49c3-935f-d378c06e542a}</UniqueIdentifier>
    </Filter>
    <Filter Include="utils">
      <UniqueIdentifier>{7fed0410-dee0-4520-9b72-84ec2c922d36}</UniqueIdentifier>
    </Filter>
  </ItemGroup>
  <ItemGroup>
    <MASM Include="dependencies\driver\asm\assert.asm">
      <Filter>driver</Filter>
    </MASM>
  </ItemGroup>
</Project>