<?xml version="1.0" encoding="utf-8"?>
<Project ToolsVersion="4.0" xmlns="http://schemas.microsoft.com/developer/msbuild/2003">
  <ItemGroup>
    <ClCompile Include="entrypoint.cpp" />
  </ItemGroup>
  <ItemGroup>
    <ClInclude Include="impl\communication\structs.h" />
    <ClInclude Include="impl\crt.h" />
    <ClInclude Include="impl\imports.h" />
    <ClInclude Include="kernel\defs.h" />
    <ClInclude Include="kernel\structures.hpp" />
    <ClInclude Include="kernel\xor.hpp" />
    <ClInclude Include="impl\pml4\pml4.h" />
    <ClInclude Include="impl\physical\physical.h" />
    <ClInclude Include="impl\requests\requests.h" />
    <ClInclude Include="impl\ioctl\ioctl.h" />
  </ItemGroup>
</Project>